
Microsoft Visual Studio Solution File, Format Version 12.00
# Visual Studio Version 17
VisualStudioVersion = 17.3.32901.215
MinimumVisualStudioVersion = 10.0.40219.1
Project("{8BC9CEB8-8B4A-11D0-8D11-00A0C91BC942}") = "data structure", "data structure\data structure.vcxproj", "{89F4EFC9-34B9-4688-88B5-B9509F1EDA6F}"
EndProject
Global
	GlobalSection(SolutionConfigurationPlatforms) = preSolution
		Debug|x64 = Debug|x64
		Debug|x86 = Debug|x86
		Release|x64 = Release|x64
		Release|x86 = Release|x86
	EndGlobalSection
	GlobalSection(ProjectConfigurationPlatforms) = postSolution
		{89F4EFC9-34B9-4688-88B5-B9509F1EDA6F}.Debug|x64.ActiveCfg = Debug|x64
		{89F4EFC9-34B9-4688-88B5-B9509F1EDA6F}.Debug|x64.Build.0 = Debug|x64
		{89F4EFC9-34B9-4688-88B5-B9509F1EDA6F}.Debug|x86.ActiveCfg = Debug|Win32
		{89F4EFC9-34B9-4688-88B5-B9509F1EDA6F}.Debug|x86.Build.0 = Debug|Win32
		{89F4EFC9-34B9-4688-88B5-B9509F1EDA6F}.Release|x64.ActiveCfg = Release|x64
		{89F4EFC9-34B9-4688-88B5-B9509F1EDA6F}.Release|x64.Build.0 = Release|x64
		{89F4EFC9-34B9-4688-88B5-B9509F1EDA6F}.Release|x86.ActiveCfg = Release|Win32
		{89F4EFC9-34B9-4688-88B5-B9509F1EDA6F}.Release|x86.Build.0 = Release|Win32
	EndGlobalSection
	GlobalSection(SolutionProperties) = preSolution
		HideSolutionNode = FALSE
	EndGlobalSection
	GlobalSection(ExtensibilityGlobals) = postSolution
		SolutionGuid = {7B45F593-D6E6-4702-ABC7-C372C8034801}
	EndGlobalSection
EndGlobal
